{
  "name": "projet-boite-a-livre",
  "lockfileVersion": 2,
  "requires": true,
  "packages": {
    "": {
      "dependencies": {
        "codes-postaux": "^3.6.0"
      }
    },
    "node_modules/codes-postaux": {
      "version": "3.6.0",
      "resolved": "https://registry.npmjs.org/codes-postaux/-/codes-postaux-3.6.0.tgz",
      "integrity": "sha512-yC3ejMZo/4oLDnnCSIJxc+QBs6FNnegLKGcazecC/+yZMdtT//CuEV2yv+cb7JGdZlnLaP8v8WMF3pQ3mvgKYw==",
      "dependencies": {
        "lodash": "^4.17.21"
      },
      "engines": {
        "node": ">= 12"
      }
    },
    "node_modules/lodash": {
      "version": "4.17.21",
      "resolved": "https://registry.npmjs.org/lodash/-/lodash-4.17.21.tgz",
      "integrity": "sha512-v2kDEe57lecTulaDIuNTPy3Ry4gLGJ6Z1O3vE1krgXZNrsQ+LFTGHVxVjcXPs17LhbZVGedAJv8XZ1tvj5FvSg=="
    }
  },
  "dependencies": {
    "codes-postaux": {
      "version": "3.6.0",
      "resolved": "https://registry.npmjs.org/codes-postaux/-/codes-postaux-3.6.0.tgz",
      "integrity": "sha512-yC3ejMZo/4oLDnnCSIJxc+QBs6FNnegLKGcazecC/+yZMdtT//CuEV2yv+cb7JGdZlnLaP8v8WMF3pQ3mvgKYw==",
      "requires": {
        "lodash": "^4.17.21"
      }
    },
    "lodash": {
      "version": "4.17.21",
      "resolved": "https://registry.npmjs.org/lodash/-/lodash-4.17.21.tgz",
      "integrity": "sha512-v2kDEe57lecTulaDIuNTPy3Ry4gLGJ6Z1O3vE1krgXZNrsQ+LFTGHVxVjcXPs17LhbZVGedAJv8XZ1tvj5FvSg=="
    }
  }
}
